
Microsoft Visual Studio Solution File, Format Version 12.00
# Visual Studio Version 17
VisualStudioVersion = 17.7.34221.43
MinimumVisualStudioVersion = 10.0.40219.1
Project("{9A19103F-16F7-4668-BE54-9A1E7A4F7556}") = "E-Viewer", "E-Viewer\E-Viewer.csproj", "{910F430B-8449-4C90-91FE-AA12A318867E}"
EndProject
Project("{2150E333-8FDC-42A3-9474-1A3956D46DE8}") = "RepoFiles", "RepoFiles", "{40159797-5A50-439D-B191-88455B422662}"
	ProjectSection(SolutionItems) = preProject
		.editorconfig = .editorconfig
		.gitignore = .gitignore
		CleanUp.ps1 = CleanUp.ps1
		CODE_OF_CONDUCT.md = CODE_OF_CONDUCT.md
		CONTRIBUTING.md = CONTRIBUTING.md
		LICENSE = LICENSE
		README.ko.md = README.ko.md
		README.md = README.md
		README.zh-hans.md = README.zh-hans.md
	EndProjectSection
EndProject
Global
	GlobalSection(SolutionConfigurationPlatforms) = preSolution
		Debug|ARM64 = Debug|ARM64
		Debug|x64 = Debug|x64
		Release|ARM64 = Release|ARM64
		Release|x64 = Release|x64
	EndGlobalSection
	GlobalSection(ProjectConfigurationPlatforms) = postSolution
		{910F430B-8449-4C90-91FE-AA12A318867E}.Debug|ARM64.ActiveCfg = Debug|ARM64
		{910F430B-8449-4C90-91FE-AA12A318867E}.Debug|ARM64.Build.0 = Debug|ARM64
		{910F430B-8449-4C90-91FE-AA12A318867E}.Debug|ARM64.Deploy.0 = Debug|ARM64
		{910F430B-8449-4C90-91FE-AA12A318867E}.Debug|x64.ActiveCfg = Debug|x64
		{910F430B-8449-4C90-91FE-AA12A318867E}.Debug|x64.Build.0 = Debug|x64
		{910F430B-8449-4C90-91FE-AA12A318867E}.Debug|x64.Deploy.0 = Debug|x64
		{910F430B-8449-4C90-91FE-AA12A318867E}.Release|ARM64.ActiveCfg = Release|ARM64
		{910F430B-8449-4C90-91FE-AA12A318867E}.Release|ARM64.Build.0 = Release|ARM64
		{910F430B-8449-4C90-91FE-AA12A318867E}.Release|ARM64.Deploy.0 = Release|ARM64
		{910F430B-8449-4C90-91FE-AA12A318867E}.Release|x64.ActiveCfg = Release|x64
		{910F430B-8449-4C90-91FE-AA12A318867E}.Release|x64.Build.0 = Release|x64
		{910F430B-8449-4C90-91FE-AA12A318867E}.Release|x64.Deploy.0 = Release|x64
	EndGlobalSection
	GlobalSection(SolutionProperties) = preSolution
		HideSolutionNode = FALSE
	EndGlobalSection
	GlobalSection(ExtensibilityGlobals) = postSolution
		SolutionGuid = {93E52F90-B72E-4674-AFD8-A4BBA86864A7}
	EndGlobalSection
EndGlobal
