
Microsoft Visual Studio Solution File, Format Version 12.00
# Visual Studio Version 17
VisualStudioVersion = 17.3.32825.248
MinimumVisualStudioVersion = 10.0.40219.1
Project("{FAE04EC0-301F-11D3-BF4B-00C04F79EFBC}") = "ExViewer", "ExViewer\ExViewer.csproj", "{DCB55DB8-3F92-40A1-BF66-5169365C5471}"
EndProject
Project("{FAE04EC0-301F-11D3-BF4B-00C04F79EFBC}") = "ExClient", "ExClient\ExClient.csproj", "{8875A248-CE2E-454B-9090-62AE609D7644}"
EndProject
Project("{2150E333-8FDC-42A3-9474-1A3956D46DE8}") = "Solution Items", "Solution Items", "{F164C16F-5F47-4A2A-896C-31CAB8C7D74D}"
	ProjectSection(SolutionItems) = preProject
		.gitattributes = .gitattributes
		.gitignore = .gitignore
		appveyor.yml = appveyor.yml
		CleanUp.ps1 = CleanUp.ps1
		CODE_OF_CONDUCT.md = CODE_OF_CONDUCT.md
		CONTRIBUTING.md = CONTRIBUTING.md
		LICENSE = LICENSE
		README.md = README.md
	EndProjectSection
EndProject
Project("{FAE04EC0-301F-11D3-BF4B-00C04F79EFBC}") = "EhTagTranslatorClient", "EhTagTranslatorClient\EhTagTranslatorClient.csproj", "{7A7C3D38-128A-406D-AD3C-EEC617386F14}"
EndProject
Project("{2150E333-8FDC-42A3-9474-1A3956D46DE8}") = "OriginalResources", "OriginalResources", "{94F5115A-39C7-4C39-8D6E-5BE928A603F9}"
	ProjectSection(SolutionItems) = preProject
		OriginalResources\ImageLoading.psd = OriginalResources\ImageLoading.psd
		OriginalResources\Panda.psd = OriginalResources\Panda.psd
	EndProjectSection
EndProject
Project("{FAE04EC0-301F-11D3-BF4B-00C04F79EFBC}") = "ApplicationDataManager", "ApplicationDataManager\ApplicationDataManager.csproj", "{33CCBCB8-8709-4C6C-AD59-E156F1E04FD0}"
EndProject
Project("{FAE04EC0-301F-11D3-BF4B-00C04F79EFBC}") = "EhWikiClient", "EhWikiClient\EhWikiClient.csproj", "{11B1903E-AF00-4D7C-90D4-02E4EA20A96E}"
EndProject
Project("{FAE04EC0-301F-11D3-BF4B-00C04F79EFBC}") = "BannerProvider", "BannerProvider\BannerProvider.csproj", "{2F461F3A-2F53-4C3A-805C-52EA6F297066}"
EndProject
Project("{FAE04EC0-301F-11D3-BF4B-00C04F79EFBC}") = "EhTagClient", "EhTagClient\EhTagClient.csproj", "{7DAA044A-5F8A-49CC-B98C-46DC0FA90E31}"
EndProject
Project("{FAE04EC0-301F-11D3-BF4B-00C04F79EFBC}") = "ExDawnOfDayTask", "ExDawnOfDayTask\ExDawnOfDayTask.csproj", "{81E40E54-B51E-44E5-90A5-2B1DCFF56DFA}"
EndProject
Global
	GlobalSection(SolutionConfigurationPlatforms) = preSolution
		Debug|ARM = Debug|ARM
		Debug|ARM64 = Debug|ARM64
		Debug|x64 = Debug|x64
		Debug|x86 = Debug|x86
		DebugBounds|ARM = DebugBounds|ARM
		DebugBounds|ARM64 = DebugBounds|ARM64
		DebugBounds|x64 = DebugBounds|x64
		DebugBounds|x86 = DebugBounds|x86
		PreRelease|ARM = PreRelease|ARM
		PreRelease|ARM64 = PreRelease|ARM64
		PreRelease|x64 = PreRelease|x64
		PreRelease|x86 = PreRelease|x86
		Release|ARM = Release|ARM
		Release|ARM64 = Release|ARM64
		Release|x64 = Release|x64
		Release|x86 = Release|x86
	EndGlobalSection
	GlobalSection(ProjectConfigurationPlatforms) = postSolution
		{DCB55DB8-3F92-40A1-BF66-5169365C5471}.Debug|ARM.ActiveCfg = Debug|ARM
		{DCB55DB8-3F92-40A1-BF66-5169365C5471}.Debug|ARM.Build.0 = Debug|ARM
		{DCB55DB8-3F92-40A1-BF66-5169365C5471}.Debug|ARM.Deploy.0 = Debug|ARM
		{DCB55DB8-3F92-40A1-BF66-5169365C5471}.Debug|ARM64.ActiveCfg = Debug|ARM64
		{DCB55DB8-3F92-40A1-BF66-5169365C5471}.Debug|ARM64.Build.0 = Debug|ARM64
		{DCB55DB8-3F92-40A1-BF66-5169365C5471}.Debug|ARM64.Deploy.0 = Debug|ARM64
		{DCB55DB8-3F92-40A1-BF66-5169365C5471}.Debug|x64.ActiveCfg = Debug|x64
		{DCB55DB8-3F92-40A1-BF66-5169365C5471}.Debug|x64.Build.0 = Debug|x64
		{DCB55DB8-3F92-40A1-BF66-5169365C5471}.Debug|x64.Deploy.0 = Debug|x64
		{DCB55DB8-3F92-40A1-BF66-5169365C5471}.Debug|x86.ActiveCfg = Debug|x86
		{DCB55DB8-3F92-40A1-BF66-5169365C5471}.Debug|x86.Build.0 = Debug|x86
		{DCB55DB8-3F92-40A1-BF66-5169365C5471}.Debug|x86.Deploy.0 = Debug|x86
		{DCB55DB8-3F92-40A1-BF66-5169365C5471}.DebugBounds|ARM.ActiveCfg = DebugBounds|ARM
		{DCB55DB8-3F92-40A1-BF66-5169365C5471}.DebugBounds|ARM.Build.0 = DebugBounds|ARM
		{DCB55DB8-3F92-40A1-BF66-5169365C5471}.DebugBounds|ARM.Deploy.0 = DebugBounds|ARM
		{DCB55DB8-3F92-40A1-BF66-5169365C5471}.DebugBounds|ARM64.ActiveCfg = DebugBounds|ARM64
		{DCB55DB8-3F92-40A1-BF66-5169365C5471}.DebugBounds|ARM64.Build.0 = DebugBounds|ARM64
		{DCB55DB8-3F92-40A1-BF66-5169365C5471}.DebugBounds|ARM64.Deploy.0 = DebugBounds|ARM64
		{DCB55DB8-3F92-40A1-BF66-5169365C5471}.DebugBounds|x64.ActiveCfg = DebugBounds|x64
		{DCB55DB8-3F92-40A1-BF66-5169365C5471}.DebugBounds|x64.Build.0 = DebugBounds|x64
		{DCB55DB8-3F92-40A1-BF66-5169365C5471}.DebugBounds|x64.Deploy.0 = DebugBounds|x64
		{DCB55DB8-3F92-40A1-BF66-5169365C5471}.DebugBounds|x86.ActiveCfg = DebugBounds|x86
		{DCB55DB8-3F92-40A1-BF66-5169365C5471}.DebugBounds|x86.Build.0 = DebugBounds|x86
		{DCB55DB8-3F92-40A1-BF66-5169365C5471}.DebugBounds|x86.Deploy.0 = DebugBounds|x86
		{DCB55DB8-3F92-40A1-BF66-5169365C5471}.PreRelease|ARM.ActiveCfg = PreRelease|ARM
		{DCB55DB8-3F92-40A1-BF66-5169365C5471}.PreRelease|ARM.Build.0 = PreRelease|ARM
		{DCB55DB8-3F92-40A1-BF66-5169365C5471}.PreRelease|ARM.Deploy.0 = PreRelease|ARM
		{DCB55DB8-3F92-40A1-BF66-5169365C5471}.PreRelease|ARM64.ActiveCfg = PreRelease|ARM64
		{DCB55DB8-3F92-40A1-BF66-5169365C5471}.PreRelease|ARM64.Build.0 = PreRelease|ARM64
		{DCB55DB8-3F92-40A1-BF66-5169365C5471}.PreRelease|ARM64.Deploy.0 = PreRelease|ARM64
		{DCB55DB8-3F92-40A1-BF66-5169365C5471}.PreRelease|x64.ActiveCfg = PreRelease|x64
		{DCB55DB8-3F92-40A1-BF66-5169365C5471}.PreRelease|x64.Build.0 = PreRelease|x64
		{DCB55DB8-3F92-40A1-BF66-5169365C5471}.PreRelease|x64.Deploy.0 = PreRelease|x64
		{DCB55DB8-3F92-40A1-BF66-5169365C5471}.PreRelease|x86.ActiveCfg = PreRelease|x86
		{DCB55DB8-3F92-40A1-BF66-5169365C5471}.PreRelease|x86.Build.0 = PreRelease|x86
		{DCB55DB8-3F92-40A1-BF66-5169365C5471}.PreRelease|x86.Deploy.0 = PreRelease|x86
		{DCB55DB8-3F92-40A1-BF66-5169365C5471}.Release|ARM.ActiveCfg = Release|ARM
		{DCB55DB8-3F92-40A1-BF66-5169365C5471}.Release|ARM.Build.0 = Release|ARM
		{DCB55DB8-3F92-40A1-BF66-5169365C5471}.Release|ARM.Deploy.0 = Release|ARM
		{DCB55DB8-3F92-40A1-BF66-5169365C5471}.Release|ARM64.ActiveCfg = Release|ARM64
		{DCB55DB8-3F92-40A1-BF66-5169365C5471}.Release|ARM64.Build.0 = Release|ARM64
		{DCB55DB8-3F92-40A1-BF66-5169365C5471}.Release|ARM64.Deploy.0 = Release|ARM64
		{DCB55DB8-3F92-40A1-BF66-5169365C5471}.Release|x64.ActiveCfg = Release|x64
		{DCB55DB8-3F92-40A1-BF66-5169365C5471}.Release|x64.Build.0 = Release|x64
		{DCB55DB8-3F92-40A1-BF66-5169365C5471}.Release|x64.Deploy.0 = Release|x64
		{DCB55DB8-3F92-40A1-BF66-5169365C5471}.Release|x86.ActiveCfg = Release|x86
		{DCB55DB8-3F92-40A1-BF66-5169365C5471}.Release|x86.Build.0 = Release|x86
		{DCB55DB8-3F92-40A1-BF66-5169365C5471}.Release|x86.Deploy.0 = Release|x86
		{8875A248-CE2E-454B-9090-62AE609D7644}.Debug|ARM.ActiveCfg = Debug|ARM
		{8875A248-CE2E-454B-9090-62AE609D7644}.Debug|ARM.Build.0 = Debug|ARM
		{8875A248-CE2E-454B-9090-62AE609D7644}.Debug|ARM64.ActiveCfg = Debug|ARM64
		{8875A248-CE2E-454B-9090-62AE609D7644}.Debug|ARM64.Build.0 = Debug|ARM64
		{8875A248-CE2E-454B-9090-62AE609D7644}.Debug|x64.ActiveCfg = Debug|x64
		{8875A248-CE2E-454B-9090-62AE609D7644}.Debug|x64.Build.0 = Debug|x64
		{8875A248-CE2E-454B-9090-62AE609D7644}.Debug|x86.ActiveCfg = Debug|x86
		{8875A248-CE2E-454B-9090-62AE609D7644}.Debug|x86.Build.0 = Debug|x86
		{8875A248-CE2E-454B-9090-62AE609D7644}.DebugBounds|ARM.ActiveCfg = Debug|ARM
		{8875A248-CE2E-454B-9090-62AE609D7644}.DebugBounds|ARM.Build.0 = Debug|ARM
		{8875A248-CE2E-454B-9090-62AE609D7644}.DebugBounds|ARM64.ActiveCfg = Debug|ARM64
		{8875A248-CE2E-454B-9090-62AE609D7644}.DebugBounds|ARM64.Build.0 = Debug|ARM64
		{8875A248-CE2E-454B-9090-62AE609D7644}.DebugBounds|x64.ActiveCfg = Debug|x64
		{8875A248-CE2E-454B-9090-62AE609D7644}.DebugBounds|x64.Build.0 = Debug|x64
		{8875A248-CE2E-454B-9090-62AE609D7644}.DebugBounds|x86.ActiveCfg = Debug|x86
		{8875A248-CE2E-454B-9090-62AE609D7644}.DebugBounds|x86.Build.0 = Debug|x86
		{8875A248-CE2E-454B-9090-62AE609D7644}.PreRelease|ARM.ActiveCfg = Release|ARM
		{8875A248-CE2E-454B-9090-62AE609D7644}.PreRelease|ARM.Build.0 = Release|ARM
		{8875A248-CE2E-454B-9090-62AE609D7644}.PreRelease|ARM64.ActiveCfg = Release|ARM64
		{8875A248-CE2E-454B-9090-62AE609D7644}.PreRelease|ARM64.Build.0 = Release|ARM64
		{8875A248-CE2E-454B-9090-62AE609D7644}.PreRelease|x64.ActiveCfg = Release|x64
		{8875A248-CE2E-454B-9090-62AE609D7644}.PreRelease|x64.Build.0 = Release|x64
		{8875A248-CE2E-454B-9090-62AE609D7644}.PreRelease|x86.ActiveCfg = Release|x86
		{8875A248-CE2E-454B-9090-62AE609D7644}.PreRelease|x86.Build.0 = Release|x86
		{8875A248-CE2E-454B-9090-62AE609D7644}.Release|ARM.ActiveCfg = Release|ARM
		{8875A248-CE2E-454B-9090-62AE609D7644}.Release|ARM.Build.0 = Release|ARM
		{8875A248-CE2E-454B-9090-62AE609D7644}.Release|ARM64.ActiveCfg = Release|ARM64
		{8875A248-CE2E-454B-9090-62AE609D7644}.Release|ARM64.Build.0 = Release|ARM64
		{8875A248-CE2E-454B-9090-62AE609D7644}.Release|x64.ActiveCfg = Release|x64
		{8875A248-CE2E-454B-9090-62AE609D7644}.Release|x64.Build.0 = Release|x64
		{8875A248-CE2E-454B-9090-62AE609D7644}.Release|x86.ActiveCfg = Release|x86
		{8875A248-CE2E-454B-9090-62AE609D7644}.Release|x86.Build.0 = Release|x86
		{7A7C3D38-128A-406D-AD3C-EEC617386F14}.Debug|ARM.ActiveCfg = Debug|ARM
		{7A7C3D38-128A-406D-AD3C-EEC617386F14}.Debug|ARM.Build.0 = Debug|ARM
		{7A7C3D38-128A-406D-AD3C-EEC617386F14}.Debug|ARM64.ActiveCfg = Debug|ARM64
		{7A7C3D38-128A-406D-AD3C-EEC617386F14}.Debug|ARM64.Build.0 = Debug|ARM64
		{7A7C3D38-128A-406D-AD3C-EEC617386F14}.Debug|x64.ActiveCfg = Debug|x64
		{7A7C3D38-128A-406D-AD3C-EEC617386F14}.Debug|x64.Build.0 = Debug|x64
		{7A7C3D38-128A-406D-AD3C-EEC617386F14}.Debug|x86.ActiveCfg = Debug|x86
		{7A7C3D38-128A-406D-AD3C-EEC617386F14}.Debug|x86.Build.0 = Debug|x86
		{7A7C3D38-128A-406D-AD3C-EEC617386F14}.DebugBounds|ARM.ActiveCfg = Debug|ARM
		{7A7C3D38-128A-406D-AD3C-EEC617386F14}.DebugBounds|ARM.Build.0 = Debug|ARM
		{7A7C3D38-128A-406D-AD3C-EEC617386F14}.DebugBounds|ARM64.ActiveCfg = Debug|ARM64
		{7A7C3D38-128A-406D-AD3C-EEC617386F14}.DebugBounds|ARM64.Build.0 = Debug|ARM64
		{7A7C3D38-128A-406D-AD3C-EEC617386F14}.DebugBounds|x64.ActiveCfg = Debug|x64
		{7A7C3D38-128A-406D-AD3C-EEC617386F14}.DebugBounds|x64.Build.0 = Debug|x64
		{7A7C3D38-128A-406D-AD3C-EEC617386F14}.DebugBounds|x86.ActiveCfg = Debug|x86
		{7A7C3D38-128A-406D-AD3C-EEC617386F14}.DebugBounds|x86.Build.0 = Debug|x86
		{7A7C3D38-128A-406D-AD3C-EEC617386F14}.PreRelease|ARM.ActiveCfg = Release|ARM
		{7A7C3D38-128A-406D-AD3C-EEC617386F14}.PreRelease|ARM.Build.0 = Release|ARM
		{7A7C3D38-128A-406D-AD3C-EEC617386F14}.PreRelease|ARM64.ActiveCfg = Release|ARM64
		{7A7C3D38-128A-406D-AD3C-EEC617386F14}.PreRelease|ARM64.Build.0 = Release|ARM64
		{7A7C3D38-128A-406D-AD3C-EEC617386F14}.PreRelease|x64.ActiveCfg = Release|x64
		{7A7C3D38-128A-406D-AD3C-EEC617386F14}.PreRelease|x64.Build.0 = Release|x64
		{7A7C3D38-128A-406D-AD3C-EEC617386F14}.PreRelease|x86.ActiveCfg = Release|x86
		{7A7C3D38-128A-406D-AD3C-EEC617386F14}.PreRelease|x86.Build.0 = Release|x86
		{7A7C3D38-128A-406D-AD3C-EEC617386F14}.Release|ARM.ActiveCfg = Release|ARM
		{7A7C3D38-128A-406D-AD3C-EEC617386F14}.Release|ARM.Build.0 = Release|ARM
		{7A7C3D38-128A-406D-AD3C-EEC617386F14}.Release|ARM64.ActiveCfg = Release|ARM64
		{7A7C3D38-128A-406D-AD3C-EEC617386F14}.Release|ARM64.Build.0 = Release|ARM64
		{7A7C3D38-128A-406D-AD3C-EEC617386F14}.Release|x64.ActiveCfg = Release|x64
		{7A7C3D38-128A-406D-AD3C-EEC617386F14}.Release|x64.Build.0 = Release|x64
		{7A7C3D38-128A-406D-AD3C-EEC617386F14}.Release|x86.ActiveCfg = Release|x86
		{7A7C3D38-128A-406D-AD3C-EEC617386F14}.Release|x86.Build.0 = Release|x86
		{33CCBCB8-8709-4C6C-AD59-E156F1E04FD0}.Debug|ARM.ActiveCfg = Debug|ARM
		{33CCBCB8-8709-4C6C-AD59-E156F1E04FD0}.Debug|ARM.Build.0 = Debug|ARM
		{33CCBCB8-8709-4C6C-AD59-E156F1E04FD0}.Debug|ARM64.ActiveCfg = Debug|ARM64
		{33CCBCB8-8709-4C6C-AD59-E156F1E04FD0}.Debug|ARM64.Build.0 = Debug|ARM64
		{33CCBCB8-8709-4C6C-AD59-E156F1E04FD0}.Debug|x64.ActiveCfg = Debug|x64
		{33CCBCB8-8709-4C6C-AD59-E156F1E04FD0}.Debug|x64.Build.0 = Debug|x64
		{33CCBCB8-8709-4C6C-AD59-E156F1E04FD0}.Debug|x86.ActiveCfg = Debug|x86
		{33CCBCB8-8709-4C6C-AD59-E156F1E04FD0}.Debug|x86.Build.0 = Debug|x86
		{33CCBCB8-8709-4C6C-AD59-E156F1E04FD0}.DebugBounds|ARM.ActiveCfg = Debug|ARM
		{33CCBCB8-8709-4C6C-AD59-E156F1E04FD0}.DebugBounds|ARM.Build.0 = Debug|ARM
		{33CCBCB8-8709-4C6C-AD59-E156F1E04FD0}.DebugBounds|ARM64.ActiveCfg = Debug|ARM64
		{33CCBCB8-8709-4C6C-AD59-E156F1E04FD0}.DebugBounds|ARM64.Build.0 = Debug|ARM64
		{33CCBCB8-8709-4C6C-AD59-E156F1E04FD0}.DebugBounds|x64.ActiveCfg = Debug|x64
		{33CCBCB8-8709-4C6C-AD59-E156F1E04FD0}.DebugBounds|x64.Build.0 = Debug|x64
		{33CCBCB8-8709-4C6C-AD59-E156F1E04FD0}.DebugBounds|x86.ActiveCfg = Debug|x86
		{33CCBCB8-8709-4C6C-AD59-E156F1E04FD0}.DebugBounds|x86.Build.0 = Debug|x86
		{33CCBCB8-8709-4C6C-AD59-E156F1E04FD0}.PreRelease|ARM.ActiveCfg = Release|ARM
		{33CCBCB8-8709-4C6C-AD59-E156F1E04FD0}.PreRelease|ARM.Build.0 = Release|ARM
		{33CCBCB8-8709-4C6C-AD59-E156F1E04FD0}.PreRelease|ARM64.ActiveCfg = Release|ARM64
		{33CCBCB8-8709-4C6C-AD59-E156F1E04FD0}.PreRelease|ARM64.Build.0 = Release|ARM64
		{33CCBCB8-8709-4C6C-AD59-E156F1E04FD0}.PreRelease|x64.ActiveCfg = Release|x64
		{33CCBCB8-8709-4C6C-AD59-E156F1E04FD0}.PreRelease|x64.Build.0 = Release|x64
		{33CCBCB8-8709-4C6C-AD59-E156F1E04FD0}.PreRelease|x86.ActiveCfg = Release|x86
		{33CCBCB8-8709-4C6C-AD59-E156F1E04FD0}.PreRelease|x86.Build.0 = Release|x86
		{33CCBCB8-8709-4C6C-AD59-E156F1E04FD0}.Release|ARM.ActiveCfg = Release|ARM
		{33CCBCB8-8709-4C6C-AD59-E156F1E04FD0}.Release|ARM.Build.0 = Release|ARM
		{33CCBCB8-8709-4C6C-AD59-E156F1E04FD0}.Release|ARM64.ActiveCfg = Release|ARM64
		{33CCBCB8-8709-4C6C-AD59-E156F1E04FD0}.Release|ARM64.Build.0 = Release|ARM64
		{33CCBCB8-8709-4C6C-AD59-E156F1E04FD0}.Release|x64.ActiveCfg = Release|x64
		{33CCBCB8-8709-4C6C-AD59-E156F1E04FD0}.Release|x64.Build.0 = Release|x64
		{33CCBCB8-8709-4C6C-AD59-E156F1E04FD0}.Release|x86.ActiveCfg = Release|x86
		{33CCBCB8-8709-4C6C-AD59-E156F1E04FD0}.Release|x86.Build.0 = Release|x86
		{11B1903E-AF00-4D7C-90D4-02E4EA20A96E}.Debug|ARM.ActiveCfg = Debug|ARM
		{11B1903E-AF00-4D7C-90D4-02E4EA20A96E}.Debug|ARM.Build.0 = Debug|ARM
		{11B1903E-AF00-4D7C-90D4-02E4EA20A96E}.Debug|ARM64.ActiveCfg = Debug|ARM64
		{11B1903E-AF00-4D7C-90D4-02E4EA20A96E}.Debug|ARM64.Build.0 = Debug|ARM64
		{11B1903E-AF00-4D7C-90D4-02E4EA20A96E}.Debug|x64.ActiveCfg = Debug|x64
		{11B1903E-AF00-4D7C-90D4-02E4EA20A96E}.Debug|x64.Build.0 = Debug|x64
		{11B1903E-AF00-4D7C-90D4-02E4EA20A96E}.Debug|x86.ActiveCfg = Debug|x86
		{11B1903E-AF00-4D7C-90D4-02E4EA20A96E}.Debug|x86.Build.0 = Debug|x86
		{11B1903E-AF00-4D7C-90D4-02E4EA20A96E}.DebugBounds|ARM.ActiveCfg = Debug|ARM
		{11B1903E-AF00-4D7C-90D4-02E4EA20A96E}.DebugBounds|ARM.Build.0 = Debug|ARM
		{11B1903E-AF00-4D7C-90D4-02E4EA20A96E}.DebugBounds|ARM64.ActiveCfg = Debug|ARM64
		{11B1903E-AF00-4D7C-90D4-02E4EA20A96E}.DebugBounds|ARM64.Build.0 = Debug|ARM64
		{11B1903E-AF00-4D7C-90D4-02E4EA20A96E}.DebugBounds|x64.ActiveCfg = Debug|x64
		{11B1903E-AF00-4D7C-90D4-02E4EA20A96E}.DebugBounds|x64.Build.0 = Debug|x64
		{11B1903E-AF00-4D7C-90D4-02E4EA20A96E}.DebugBounds|x86.ActiveCfg = Debug|x86
		{11B1903E-AF00-4D7C-90D4-02E4EA20A96E}.DebugBounds|x86.Build.0 = Debug|x86
		{11B1903E-AF00-4D7C-90D4-02E4EA20A96E}.PreRelease|ARM.ActiveCfg = Release|ARM
		{11B1903E-AF00-4D7C-90D4-02E4EA20A96E}.PreRelease|ARM.Build.0 = Release|ARM
		{11B1903E-AF00-4D7C-90D4-02E4EA20A96E}.PreRelease|ARM64.ActiveCfg = Release|ARM64
		{11B1903E-AF00-4D7C-90D4-02E4EA20A96E}.PreRelease|ARM64.Build.0 = Release|ARM64
		{11B1903E-AF00-4D7C-90D4-02E4EA20A96E}.PreRelease|x64.ActiveCfg = Release|x64
		{11B1903E-AF00-4D7C-90D4-02E4EA20A96E}.PreRelease|x64.Build.0 = Release|x64
		{11B1903E-AF00-4D7C-90D4-02E4EA20A96E}.PreRelease|x86.ActiveCfg = Release|x86
		{11B1903E-AF00-4D7C-90D4-02E4EA20A96E}.PreRelease|x86.Build.0 = Release|x86
		{11B1903E-AF00-4D7C-90D4-02E4EA20A96E}.Release|ARM.ActiveCfg = Release|ARM
		{11B1903E-AF00-4D7C-90D4-02E4EA20A96E}.Release|ARM.Build.0 = Release|ARM
		{11B1903E-AF00-4D7C-90D4-02E4EA20A96E}.Release|ARM64.ActiveCfg = Release|ARM64
		{11B1903E-AF00-4D7C-90D4-02E4EA20A96E}.Release|ARM64.Build.0 = Release|ARM64
		{11B1903E-AF00-4D7C-90D4-02E4EA20A96E}.Release|x64.ActiveCfg = Release|x64
		{11B1903E-AF00-4D7C-90D4-02E4EA20A96E}.Release|x64.Build.0 = Release|x64
		{11B1903E-AF00-4D7C-90D4-02E4EA20A96E}.Release|x86.ActiveCfg = Release|x86
		{11B1903E-AF00-4D7C-90D4-02E4EA20A96E}.Release|x86.Build.0 = Release|x86
		{2F461F3A-2F53-4C3A-805C-52EA6F297066}.Debug|ARM.ActiveCfg = Debug|ARM
		{2F461F3A-2F53-4C3A-805C-52EA6F297066}.Debug|ARM.Build.0 = Debug|ARM
		{2F461F3A-2F53-4C3A-805C-52EA6F297066}.Debug|ARM64.ActiveCfg = Debug|ARM64
		{2F461F3A-2F53-4C3A-805C-52EA6F297066}.Debug|ARM64.Build.0 = Debug|ARM64
		{2F461F3A-2F53-4C3A-805C-52EA6F297066}.Debug|x64.ActiveCfg = Debug|x64
		{2F461F3A-2F53-4C3A-805C-52EA6F297066}.Debug|x64.Build.0 = Debug|x64
		{2F461F3A-2F53-4C3A-805C-52EA6F297066}.Debug|x86.ActiveCfg = Debug|x86
		{2F461F3A-2F53-4C3A-805C-52EA6F297066}.Debug|x86.Build.0 = Debug|x86
		{2F461F3A-2F53-4C3A-805C-52EA6F297066}.DebugBounds|ARM.ActiveCfg = Debug|ARM
		{2F461F3A-2F53-4C3A-805C-52EA6F297066}.DebugBounds|ARM.Build.0 = Debug|ARM
		{2F461F3A-2F53-4C3A-805C-52EA6F297066}.DebugBounds|ARM64.ActiveCfg = Debug|ARM64
		{2F461F3A-2F53-4C3A-805C-52EA6F297066}.DebugBounds|ARM64.Build.0 = Debug|ARM64
		{2F461F3A-2F53-4C3A-805C-52EA6F297066}.DebugBounds|x64.ActiveCfg = Debug|x64
		{2F461F3A-2F53-4C3A-805C-52EA6F297066}.DebugBounds|x64.Build.0 = Debug|x64
		{2F461F3A-2F53-4C3A-805C-52EA6F297066}.DebugBounds|x86.ActiveCfg = Debug|x86
		{2F461F3A-2F53-4C3A-805C-52EA6F297066}.DebugBounds|x86.Build.0 = Debug|x86
		{2F461F3A-2F53-4C3A-805C-52EA6F297066}.PreRelease|ARM.ActiveCfg = Release|ARM
		{2F461F3A-2F53-4C3A-805C-52EA6F297066}.PreRelease|ARM.Build.0 = Release|ARM
		{2F461F3A-2F53-4C3A-805C-52EA6F297066}.PreRelease|ARM64.ActiveCfg = Release|ARM64
		{2F461F3A-2F53-4C3A-805C-52EA6F297066}.PreRelease|ARM64.Build.0 = Release|ARM64
		{2F461F3A-2F53-4C3A-805C-52EA6F297066}.PreRelease|x64.ActiveCfg = Release|x64
		{2F461F3A-2F53-4C3A-805C-52EA6F297066}.PreRelease|x64.Build.0 = Release|x64
		{2F461F3A-2F53-4C3A-805C-52EA6F297066}.PreRelease|x86.ActiveCfg = Release|x86
		{2F461F3A-2F53-4C3A-805C-52EA6F297066}.PreRelease|x86.Build.0 = Release|x86
		{2F461F3A-2F53-4C3A-805C-52EA6F297066}.Release|ARM.ActiveCfg = Release|ARM
		{2F461F3A-2F53-4C3A-805C-52EA6F297066}.Release|ARM.Build.0 = Release|ARM
		{2F461F3A-2F53-4C3A-805C-52EA6F297066}.Release|ARM64.ActiveCfg = Release|ARM64
		{2F461F3A-2F53-4C3A-805C-52EA6F297066}.Release|ARM64.Build.0 = Release|ARM64
		{2F461F3A-2F53-4C3A-805C-52EA6F297066}.Release|x64.ActiveCfg = Release|x64
		{2F461F3A-2F53-4C3A-805C-52EA6F297066}.Release|x64.Build.0 = Release|x64
		{2F461F3A-2F53-4C3A-805C-52EA6F297066}.Release|x86.ActiveCfg = Release|x86
		{2F461F3A-2F53-4C3A-805C-52EA6F297066}.Release|x86.Build.0 = Release|x86
		{7DAA044A-5F8A-49CC-B98C-46DC0FA90E31}.Debug|ARM.ActiveCfg = Debug|ARM
		{7DAA044A-5F8A-49CC-B98C-46DC0FA90E31}.Debug|ARM.Build.0 = Debug|ARM
		{7DAA044A-5F8A-49CC-B98C-46DC0FA90E31}.Debug|ARM64.ActiveCfg = Debug|ARM64
		{7DAA044A-5F8A-49CC-B98C-46DC0FA90E31}.Debug|ARM64.Build.0 = Debug|ARM64
		{7DAA044A-5F8A-49CC-B98C-46DC0FA90E31}.Debug|x64.ActiveCfg = Debug|x64
		{7DAA044A-5F8A-49CC-B98C-46DC0FA90E31}.Debug|x64.Build.0 = Debug|x64
		{7DAA044A-5F8A-49CC-B98C-46DC0FA90E31}.Debug|x86.ActiveCfg = Debug|x86
		{7DAA044A-5F8A-49CC-B98C-46DC0FA90E31}.Debug|x86.Build.0 = Debug|x86
		{7DAA044A-5F8A-49CC-B98C-46DC0FA90E31}.DebugBounds|ARM.ActiveCfg = Debug|ARM
		{7DAA044A-5F8A-49CC-B98C-46DC0FA90E31}.DebugBounds|ARM.Build.0 = Debug|ARM
		{7DAA044A-5F8A-49CC-B98C-46DC0FA90E31}.DebugBounds|ARM64.ActiveCfg = Debug|ARM64
		{7DAA044A-5F8A-49CC-B98C-46DC0FA90E31}.DebugBounds|ARM64.Build.0 = Debug|ARM64
		{7DAA044A-5F8A-49CC-B98C-46DC0FA90E31}.DebugBounds|x64.ActiveCfg = Debug|x64
		{7DAA044A-5F8A-49CC-B98C-46DC0FA90E31}.DebugBounds|x64.Build.0 = Debug|x64
		{7DAA044A-5F8A-49CC-B98C-46DC0FA90E31}.DebugBounds|x86.ActiveCfg = Debug|x86
		{7DAA044A-5F8A-49CC-B98C-46DC0FA90E31}.DebugBounds|x86.Build.0 = Debug|x86
		{7DAA044A-5F8A-49CC-B98C-46DC0FA90E31}.PreRelease|ARM.ActiveCfg = Release|ARM
		{7DAA044A-5F8A-49CC-B98C-46DC0FA90E31}.PreRelease|ARM.Build.0 = Release|ARM
		{7DAA044A-5F8A-49CC-B98C-46DC0FA90E31}.PreRelease|ARM64.ActiveCfg = Release|ARM64
		{7DAA044A-5F8A-49CC-B98C-46DC0FA90E31}.PreRelease|ARM64.Build.0 = Release|ARM64
		{7DAA044A-5F8A-49CC-B98C-46DC0FA90E31}.PreRelease|x64.ActiveCfg = Release|x64
		{7DAA044A-5F8A-49CC-B98C-46DC0FA90E31}.PreRelease|x64.Build.0 = Release|x64
		{7DAA044A-5F8A-49CC-B98C-46DC0FA90E31}.PreRelease|x86.ActiveCfg = Release|x86
		{7DAA044A-5F8A-49CC-B98C-46DC0FA90E31}.PreRelease|x86.Build.0 = Release|x86
		{7DAA044A-5F8A-49CC-B98C-46DC0FA90E31}.Release|ARM.ActiveCfg = Release|ARM
		{7DAA044A-5F8A-49CC-B98C-46DC0FA90E31}.Release|ARM.Build.0 = Release|ARM
		{7DAA044A-5F8A-49CC-B98C-46DC0FA90E31}.Release|ARM64.ActiveCfg = Release|ARM64
		{7DAA044A-5F8A-49CC-B98C-46DC0FA90E31}.Release|ARM64.Build.0 = Release|ARM64
		{7DAA044A-5F8A-49CC-B98C-46DC0FA90E31}.Release|x64.ActiveCfg = Release|x64
		{7DAA044A-5F8A-49CC-B98C-46DC0FA90E31}.Release|x64.Build.0 = Release|x64
		{7DAA044A-5F8A-49CC-B98C-46DC0FA90E31}.Release|x86.ActiveCfg = Release|x86
		{7DAA044A-5F8A-49CC-B98C-46DC0FA90E31}.Release|x86.Build.0 = Release|x86
		{81E40E54-B51E-44E5-90A5-2B1DCFF56DFA}.Debug|ARM.ActiveCfg = Debug|ARM
		{81E40E54-B51E-44E5-90A5-2B1DCFF56DFA}.Debug|ARM.Build.0 = Debug|ARM
		{81E40E54-B51E-44E5-90A5-2B1DCFF56DFA}.Debug|ARM64.ActiveCfg = Debug|ARM64
		{81E40E54-B51E-44E5-90A5-2B1DCFF56DFA}.Debug|ARM64.Build.0 = Debug|ARM64
		{81E40E54-B51E-44E5-90A5-2B1DCFF56DFA}.Debug|x64.ActiveCfg = Debug|x64
		{81E40E54-B51E-44E5-90A5-2B1DCFF56DFA}.Debug|x64.Build.0 = Debug|x64
		{81E40E54-B51E-44E5-90A5-2B1DCFF56DFA}.Debug|x86.ActiveCfg = Debug|x86
		{81E40E54-B51E-44E5-90A5-2B1DCFF56DFA}.Debug|x86.Build.0 = Debug|x86
		{81E40E54-B51E-44E5-90A5-2B1DCFF56DFA}.DebugBounds|ARM.ActiveCfg = Debug|ARM
		{81E40E54-B51E-44E5-90A5-2B1DCFF56DFA}.DebugBounds|ARM.Build.0 = Debug|ARM
		{81E40E54-B51E-44E5-90A5-2B1DCFF56DFA}.DebugBounds|ARM64.ActiveCfg = Debug|ARM64
		{81E40E54-B51E-44E5-90A5-2B1DCFF56DFA}.DebugBounds|ARM64.Build.0 = Debug|ARM64
		{81E40E54-B51E-44E5-90A5-2B1DCFF56DFA}.DebugBounds|x64.ActiveCfg = Debug|x64
		{81E40E54-B51E-44E5-90A5-2B1DCFF56DFA}.DebugBounds|x64.Build.0 = Debug|x64
		{81E40E54-B51E-44E5-90A5-2B1DCFF56DFA}.DebugBounds|x86.ActiveCfg = Debug|x86
		{81E40E54-B51E-44E5-90A5-2B1DCFF56DFA}.DebugBounds|x86.Build.0 = Debug|x86
		{81E40E54-B51E-44E5-90A5-2B1DCFF56DFA}.PreRelease|ARM.ActiveCfg = Release|ARM
		{81E40E54-B51E-44E5-90A5-2B1DCFF56DFA}.PreRelease|ARM.Build.0 = Release|ARM
		{81E40E54-B51E-44E5-90A5-2B1DCFF56DFA}.PreRelease|ARM64.ActiveCfg = Release|ARM64
		{81E40E54-B51E-44E5-90A5-2B1DCFF56DFA}.PreRelease|ARM64.Build.0 = Release|ARM64
		{81E40E54-B51E-44E5-90A5-2B1DCFF56DFA}.PreRelease|x64.ActiveCfg = Release|x64
		{81E40E54-B51E-44E5-90A5-2B1DCFF56DFA}.PreRelease|x64.Build.0 = Release|x64
		{81E40E54-B51E-44E5-90A5-2B1DCFF56DFA}.PreRelease|x86.ActiveCfg = Release|x86
		{81E40E54-B51E-44E5-90A5-2B1DCFF56DFA}.PreRelease|x86.Build.0 = Release|x86
		{81E40E54-B51E-44E5-90A5-2B1DCFF56DFA}.Release|ARM.ActiveCfg = Release|ARM
		{81E40E54-B51E-44E5-90A5-2B1DCFF56DFA}.Release|ARM.Build.0 = Release|ARM
		{81E40E54-B51E-44E5-90A5-2B1DCFF56DFA}.Release|ARM64.ActiveCfg = Release|ARM64
		{81E40E54-B51E-44E5-90A5-2B1DCFF56DFA}.Release|ARM64.Build.0 = Release|ARM64
		{81E40E54-B51E-44E5-90A5-2B1DCFF56DFA}.Release|x64.ActiveCfg = Release|x64
		{81E40E54-B51E-44E5-90A5-2B1DCFF56DFA}.Release|x64.Build.0 = Release|x64
		{81E40E54-B51E-44E5-90A5-2B1DCFF56DFA}.Release|x86.ActiveCfg = Release|x86
		{81E40E54-B51E-44E5-90A5-2B1DCFF56DFA}.Release|x86.Build.0 = Release|x86
	EndGlobalSection
	GlobalSection(SolutionProperties) = preSolution
		HideSolutionNode = FALSE
	EndGlobalSection
	GlobalSection(ExtensibilityGlobals) = postSolution
		SolutionGuid = {B3A1789D-E33B-48BA-A00C-2B597DAA291D}
	EndGlobalSection
EndGlobal
