
Microsoft Visual Studio Solution File, Format Version 12.00
# Visual Studio 14
VisualStudioVersion = 14.0.25123.0
MinimumVisualStudioVersion = 10.0.40219.1
Project("{FAE04EC0-301F-11D3-BF4B-00C04F79EFBC}") = "ExViewer", "ExViewer\ExViewer.csproj", "{DCB55DB8-3F92-40A1-BF66-5169365C5471}"
EndProject
Project("{FAE04EC0-301F-11D3-BF4B-00C04F79EFBC}") = "ExClient", "ExClient\ExClient.csproj", "{8875A248-CE2E-454B-9090-62AE609D7644}"
EndProject
Project("{2150E333-8FDC-42A3-9474-1A3956D46DE8}") = "Solution Items", "Solution Items", "{F164C16F-5F47-4A2A-896C-31CAB8C7D74D}"
	ProjectSection(SolutionItems) = preProject
		CleanUp.ps1 = CleanUp.ps1
	EndProjectSection
EndProject
Project("{FAE04EC0-301F-11D3-BF4B-00C04F79EFBC}") = "MathExpression", "MathExpression\MathExpression.csproj", "{946BDC38-A325-4325-BC86-48F923B01DD6}"
EndProject
Global
	GlobalSection(SolutionConfigurationPlatforms) = preSolution
		Debug|Any CPU = Debug|Any CPU
		Debug|ARM = Debug|ARM
		Debug|x64 = Debug|x64
		Debug|x86 = Debug|x86
		Release|Any CPU = Release|Any CPU
		Release|ARM = Release|ARM
		Release|x64 = Release|x64
		Release|x86 = Release|x86
	EndGlobalSection
	GlobalSection(ProjectConfigurationPlatforms) = postSolution
		{DCB55DB8-3F92-40A1-BF66-5169365C5471}.Debug|Any CPU.ActiveCfg = Debug|Any CPU
		{DCB55DB8-3F92-40A1-BF66-5169365C5471}.Debug|Any CPU.Build.0 = Debug|Any CPU
		{DCB55DB8-3F92-40A1-BF66-5169365C5471}.Debug|Any CPU.Deploy.0 = Debug|Any CPU
		{DCB55DB8-3F92-40A1-BF66-5169365C5471}.Debug|ARM.ActiveCfg = Debug|ARM
		{DCB55DB8-3F92-40A1-BF66-5169365C5471}.Debug|ARM.Build.0 = Debug|ARM
		{DCB55DB8-3F92-40A1-BF66-5169365C5471}.Debug|ARM.Deploy.0 = Debug|ARM
		{DCB55DB8-3F92-40A1-BF66-5169365C5471}.Debug|x64.ActiveCfg = Debug|x64
		{DCB55DB8-3F92-40A1-BF66-5169365C5471}.Debug|x64.Build.0 = Debug|x64
		{DCB55DB8-3F92-40A1-BF66-5169365C5471}.Debug|x64.Deploy.0 = Debug|x64
		{DCB55DB8-3F92-40A1-BF66-5169365C5471}.Debug|x86.ActiveCfg = Debug|x86
		{DCB55DB8-3F92-40A1-BF66-5169365C5471}.Debug|x86.Build.0 = Debug|x86
		{DCB55DB8-3F92-40A1-BF66-5169365C5471}.Debug|x86.Deploy.0 = Debug|x86
		{DCB55DB8-3F92-40A1-BF66-5169365C5471}.Release|Any CPU.ActiveCfg = Release|Any CPU
		{DCB55DB8-3F92-40A1-BF66-5169365C5471}.Release|Any CPU.Build.0 = Release|Any CPU
		{DCB55DB8-3F92-40A1-BF66-5169365C5471}.Release|Any CPU.Deploy.0 = Release|Any CPU
		{DCB55DB8-3F92-40A1-BF66-5169365C5471}.Release|ARM.ActiveCfg = Release|ARM
		{DCB55DB8-3F92-40A1-BF66-5169365C5471}.Release|ARM.Build.0 = Release|ARM
		{DCB55DB8-3F92-40A1-BF66-5169365C5471}.Release|ARM.Deploy.0 = Release|ARM
		{DCB55DB8-3F92-40A1-BF66-5169365C5471}.Release|x64.ActiveCfg = Release|x64
		{DCB55DB8-3F92-40A1-BF66-5169365C5471}.Release|x64.Build.0 = Release|x64
		{DCB55DB8-3F92-40A1-BF66-5169365C5471}.Release|x64.Deploy.0 = Release|x64
		{DCB55DB8-3F92-40A1-BF66-5169365C5471}.Release|x86.ActiveCfg = Release|x86
		{DCB55DB8-3F92-40A1-BF66-5169365C5471}.Release|x86.Build.0 = Release|x86
		{DCB55DB8-3F92-40A1-BF66-5169365C5471}.Release|x86.Deploy.0 = Release|x86
		{8875A248-CE2E-454B-9090-62AE609D7644}.Debug|Any CPU.ActiveCfg = Debug|Any CPU
		{8875A248-CE2E-454B-9090-62AE609D7644}.Debug|Any CPU.Build.0 = Debug|Any CPU
		{8875A248-CE2E-454B-9090-62AE609D7644}.Debug|ARM.ActiveCfg = Debug|ARM
		{8875A248-CE2E-454B-9090-62AE609D7644}.Debug|ARM.Build.0 = Debug|ARM
		{8875A248-CE2E-454B-9090-62AE609D7644}.Debug|x64.ActiveCfg = Debug|x64
		{8875A248-CE2E-454B-9090-62AE609D7644}.Debug|x64.Build.0 = Debug|x64
		{8875A248-CE2E-454B-9090-62AE609D7644}.Debug|x86.ActiveCfg = Debug|x86
		{8875A248-CE2E-454B-9090-62AE609D7644}.Debug|x86.Build.0 = Debug|x86
		{8875A248-CE2E-454B-9090-62AE609D7644}.Release|Any CPU.ActiveCfg = Release|Any CPU
		{8875A248-CE2E-454B-9090-62AE609D7644}.Release|Any CPU.Build.0 = Release|Any CPU
		{8875A248-CE2E-454B-9090-62AE609D7644}.Release|ARM.ActiveCfg = Release|ARM
		{8875A248-CE2E-454B-9090-62AE609D7644}.Release|ARM.Build.0 = Release|ARM
		{8875A248-CE2E-454B-9090-62AE609D7644}.Release|x64.ActiveCfg = Release|x64
		{8875A248-CE2E-454B-9090-62AE609D7644}.Release|x64.Build.0 = Release|x64
		{8875A248-CE2E-454B-9090-62AE609D7644}.Release|x86.ActiveCfg = Release|x86
		{8875A248-CE2E-454B-9090-62AE609D7644}.Release|x86.Build.0 = Release|x86
		{946BDC38-A325-4325-BC86-48F923B01DD6}.Debug|Any CPU.ActiveCfg = Debug|Any CPU
		{946BDC38-A325-4325-BC86-48F923B01DD6}.Debug|Any CPU.Build.0 = Debug|Any CPU
		{946BDC38-A325-4325-BC86-48F923B01DD6}.Debug|ARM.ActiveCfg = Debug|ARM
		{946BDC38-A325-4325-BC86-48F923B01DD6}.Debug|ARM.Build.0 = Debug|ARM
		{946BDC38-A325-4325-BC86-48F923B01DD6}.Debug|x64.ActiveCfg = Debug|x64
		{946BDC38-A325-4325-BC86-48F923B01DD6}.Debug|x64.Build.0 = Debug|x64
		{946BDC38-A325-4325-BC86-48F923B01DD6}.Debug|x86.ActiveCfg = Debug|x86
		{946BDC38-A325-4325-BC86-48F923B01DD6}.Debug|x86.Build.0 = Debug|x86
		{946BDC38-A325-4325-BC86-48F923B01DD6}.Release|Any CPU.ActiveCfg = Release|Any CPU
		{946BDC38-A325-4325-BC86-48F923B01DD6}.Release|Any CPU.Build.0 = Release|Any CPU
		{946BDC38-A325-4325-BC86-48F923B01DD6}.Release|ARM.ActiveCfg = Release|ARM
		{946BDC38-A325-4325-BC86-48F923B01DD6}.Release|ARM.Build.0 = Release|ARM
		{946BDC38-A325-4325-BC86-48F923B01DD6}.Release|x64.ActiveCfg = Release|x64
		{946BDC38-A325-4325-BC86-48F923B01DD6}.Release|x64.Build.0 = Release|x64
		{946BDC38-A325-4325-BC86-48F923B01DD6}.Release|x86.ActiveCfg = Release|x86
		{946BDC38-A325-4325-BC86-48F923B01DD6}.Release|x86.Build.0 = Release|x86
	EndGlobalSection
	GlobalSection(SolutionProperties) = preSolution
		HideSolutionNode = FALSE
	EndGlobalSection
EndGlobal
